
Microsoft Visual Studio Solution File, Format Version 12.00
# Visual Studio 15
VisualStudioVersion = 15.0.27428.2015
MinimumVisualStudioVersion = 10.0.40219.1
Project("{FAE04EC0-301F-11D3-BF4B-00C04F79EFBC}") = "dyp.service", "dyp.service\dyp.service.csproj", "{EA8D6586-29C0-4154-A685-BD017D4D1872}"
EndProject
Project("{FAE04EC0-301F-11D3-BF4B-00C04F79EFBC}") = "dyp.contracts", "dyp.contracts\dyp.contracts.csproj", "{E24BCEE8-1389-49F6-A62A-8A2C0503A37E}"
EndProject
Project("{FAE04EC0-301F-11D3-BF4B-00C04F79EFBC}") = "dyp.dyp", "dyp.dyp\dyp.dyp.csproj", "{E1E56B13-7FB0-4ADD-AFA7-EA6142E10CF6}"
EndProject
Project("{FAE04EC0-301F-11D3-BF4B-00C04F79EFBC}") = "dyp.adapter", "dyp.adapter\dyp.adapter.csproj", "{636D16E4-69DF-47B5-8361-95F2A11E8204}"
EndProject
Project("{FAE04EC0-301F-11D3-BF4B-00C04F79EFBC}") = "dyp.messagehandling", "dyp.messagehandling\dyp.messagehandling.csproj", "{D71FFBE4-D1D4-4355-8D32-6B796C5B0003}"
EndProject
Project("{FAE04EC0-301F-11D3-BF4B-00C04F79EFBC}") = "dyp.provider", "dyp.provider\dyp.provider.csproj", "{B1506624-ED22-4A35-840C-0FA6B3464007}"
EndProject
Global
	GlobalSection(SolutionConfigurationPlatforms) = preSolution
		Debug|Any CPU = Debug|Any CPU
		Debug|x64 = Debug|x64
		Debug|x86 = Debug|x86
		Release|Any CPU = Release|Any CPU
		Release|x64 = Release|x64
		Release|x86 = Release|x86
	EndGlobalSection
	GlobalSection(ProjectConfigurationPlatforms) = postSolution
		{EA8D6586-29C0-4154-A685-BD017D4D1872}.Debug|Any CPU.ActiveCfg = Debug|Any CPU
		{EA8D6586-29C0-4154-A685-BD017D4D1872}.Debug|Any CPU.Build.0 = Debug|Any CPU
		{EA8D6586-29C0-4154-A685-BD017D4D1872}.Debug|x64.ActiveCfg = Debug|x64
		{EA8D6586-29C0-4154-A685-BD017D4D1872}.Debug|x64.Build.0 = Debug|x64
		{EA8D6586-29C0-4154-A685-BD017D4D1872}.Debug|x86.ActiveCfg = Debug|x86
		{EA8D6586-29C0-4154-A685-BD017D4D1872}.Debug|x86.Build.0 = Debug|x86
		{EA8D6586-29C0-4154-A685-BD017D4D1872}.Release|Any CPU.ActiveCfg = Release|Any CPU
		{EA8D6586-29C0-4154-A685-BD017D4D1872}.Release|Any CPU.Build.0 = Release|Any CPU
		{EA8D6586-29C0-4154-A685-BD017D4D1872}.Release|x64.ActiveCfg = Release|x64
		{EA8D6586-29C0-4154-A685-BD017D4D1872}.Release|x64.Build.0 = Release|x64
		{EA8D6586-29C0-4154-A685-BD017D4D1872}.Release|x86.ActiveCfg = Release|x86
		{EA8D6586-29C0-4154-A685-BD017D4D1872}.Release|x86.Build.0 = Release|x86
		{E24BCEE8-1389-49F6-A62A-8A2C0503A37E}.Debug|Any CPU.ActiveCfg = Debug|Any CPU
		{E24BCEE8-1389-49F6-A62A-8A2C0503A37E}.Debug|Any CPU.Build.0 = Debug|Any CPU
		{E24BCEE8-1389-49F6-A62A-8A2C0503A37E}.Debug|x64.ActiveCfg = Debug|x64
		{E24BCEE8-1389-49F6-A62A-8A2C0503A37E}.Debug|x64.Build.0 = Debug|x64
		{E24BCEE8-1389-49F6-A62A-8A2C0503A37E}.Debug|x86.ActiveCfg = Debug|x86
		{E24BCEE8-1389-49F6-A62A-8A2C0503A37E}.Debug|x86.Build.0 = Debug|x86
		{E24BCEE8-1389-49F6-A62A-8A2C0503A37E}.Release|Any CPU.ActiveCfg = Release|Any CPU
		{E24BCEE8-1389-49F6-A62A-8A2C0503A37E}.Release|Any CPU.Build.0 = Release|Any CPU
		{E24BCEE8-1389-49F6-A62A-8A2C0503A37E}.Release|x64.ActiveCfg = Release|x64
		{E24BCEE8-1389-49F6-A62A-8A2C0503A37E}.Release|x64.Build.0 = Release|x64
		{E24BCEE8-1389-49F6-A62A-8A2C0503A37E}.Release|x86.ActiveCfg = Release|x86
		{E24BCEE8-1389-49F6-A62A-8A2C0503A37E}.Release|x86.Build.0 = Release|x86
		{E1E56B13-7FB0-4ADD-AFA7-EA6142E10CF6}.Debug|Any CPU.ActiveCfg = Debug|Any CPU
		{E1E56B13-7FB0-4ADD-AFA7-EA6142E10CF6}.Debug|Any CPU.Build.0 = Debug|Any CPU
		{E1E56B13-7FB0-4ADD-AFA7-EA6142E10CF6}.Debug|x64.ActiveCfg = Debug|x64
		{E1E56B13-7FB0-4ADD-AFA7-EA6142E10CF6}.Debug|x64.Build.0 = Debug|x64
		{E1E56B13-7FB0-4ADD-AFA7-EA6142E10CF6}.Debug|x86.ActiveCfg = Debug|x86
		{E1E56B13-7FB0-4ADD-AFA7-EA6142E10CF6}.Debug|x86.Build.0 = Debug|x86
		{E1E56B13-7FB0-4ADD-AFA7-EA6142E10CF6}.Release|Any CPU.ActiveCfg = Release|Any CPU
		{E1E56B13-7FB0-4ADD-AFA7-EA6142E10CF6}.Release|Any CPU.Build.0 = Release|Any CPU
		{E1E56B13-7FB0-4ADD-AFA7-EA6142E10CF6}.Release|x64.ActiveCfg = Release|x64
		{E1E56B13-7FB0-4ADD-AFA7-EA6142E10CF6}.Release|x64.Build.0 = Release|x64
		{E1E56B13-7FB0-4ADD-AFA7-EA6142E10CF6}.Release|x86.ActiveCfg = Release|x86
		{E1E56B13-7FB0-4ADD-AFA7-EA6142E10CF6}.Release|x86.Build.0 = Release|x86
		{636D16E4-69DF-47B5-8361-95F2A11E8204}.Debug|Any CPU.ActiveCfg = Debug|Any CPU
		{636D16E4-69DF-47B5-8361-95F2A11E8204}.Debug|Any CPU.Build.0 = Debug|Any CPU
		{636D16E4-69DF-47B5-8361-95F2A11E8204}.Debug|x64.ActiveCfg = Debug|x64
		{636D16E4-69DF-47B5-8361-95F2A11E8204}.Debug|x64.Build.0 = Debug|x64
		{636D16E4-69DF-47B5-8361-95F2A11E8204}.Debug|x86.ActiveCfg = Debug|x86
		{636D16E4-69DF-47B5-8361-95F2A11E8204}.Debug|x86.Build.0 = Debug|x86
		{636D16E4-69DF-47B5-8361-95F2A11E8204}.Release|Any CPU.ActiveCfg = Release|Any CPU
		{636D16E4-69DF-47B5-8361-95F2A11E8204}.Release|Any CPU.Build.0 = Release|Any CPU
		{636D16E4-69DF-47B5-8361-95F2A11E8204}.Release|x64.ActiveCfg = Release|x64
		{636D16E4-69DF-47B5-8361-95F2A11E8204}.Release|x64.Build.0 = Release|x64
		{636D16E4-69DF-47B5-8361-95F2A11E8204}.Release|x86.ActiveCfg = Release|x86
		{636D16E4-69DF-47B5-8361-95F2A11E8204}.Release|x86.Build.0 = Release|x86
		{D71FFBE4-D1D4-4355-8D32-6B796C5B0003}.Debug|Any CPU.ActiveCfg = Debug|Any CPU
		{D71FFBE4-D1D4-4355-8D32-6B796C5B0003}.Debug|Any CPU.Build.0 = Debug|Any CPU
		{D71FFBE4-D1D4-4355-8D32-6B796C5B0003}.Debug|x64.ActiveCfg = Debug|x64
		{D71FFBE4-D1D4-4355-8D32-6B796C5B0003}.Debug|x64.Build.0 = Debug|x64
		{D71FFBE4-D1D4-4355-8D32-6B796C5B0003}.Debug|x86.ActiveCfg = Debug|x86
		{D71FFBE4-D1D4-4355-8D32-6B796C5B0003}.Debug|x86.Build.0 = Debug|x86
		{D71FFBE4-D1D4-4355-8D32-6B796C5B0003}.Release|Any CPU.ActiveCfg = Release|Any CPU
		{D71FFBE4-D1D4-4355-8D32-6B796C5B0003}.Release|Any CPU.Build.0 = Release|Any CPU
		{D71FFBE4-D1D4-4355-8D32-6B796C5B0003}.Release|x64.ActiveCfg = Release|x64
		{D71FFBE4-D1D4-4355-8D32-6B796C5B0003}.Release|x64.Build.0 = Release|x64
		{D71FFBE4-D1D4-4355-8D32-6B796C5B0003}.Release|x86.ActiveCfg = Release|x86
		{D71FFBE4-D1D4-4355-8D32-6B796C5B0003}.Release|x86.Build.0 = Release|x86
		{B1506624-ED22-4A35-840C-0FA6B3464007}.Debug|Any CPU.ActiveCfg = Debug|Any CPU
		{B1506624-ED22-4A35-840C-0FA6B3464007}.Debug|Any CPU.Build.0 = Debug|Any CPU
		{B1506624-ED22-4A35-840C-0FA6B3464007}.Debug|x64.ActiveCfg = Debug|Any CPU
		{B1506624-ED22-4A35-840C-0FA6B3464007}.Debug|x64.Build.0 = Debug|Any CPU
		{B1506624-ED22-4A35-840C-0FA6B3464007}.Debug|x86.ActiveCfg = Debug|Any CPU
		{B1506624-ED22-4A35-840C-0FA6B3464007}.Debug|x86.Build.0 = Debug|Any CPU
		{B1506624-ED22-4A35-840C-0FA6B3464007}.Release|Any CPU.ActiveCfg = Release|Any CPU
		{B1506624-ED22-4A35-840C-0FA6B3464007}.Release|Any CPU.Build.0 = Release|Any CPU
		{B1506624-ED22-4A35-840C-0FA6B3464007}.Release|x64.ActiveCfg = Release|Any CPU
		{B1506624-ED22-4A35-840C-0FA6B3464007}.Release|x64.Build.0 = Release|Any CPU
		{B1506624-ED22-4A35-840C-0FA6B3464007}.Release|x86.ActiveCfg = Release|Any CPU
		{B1506624-ED22-4A35-840C-0FA6B3464007}.Release|x86.Build.0 = Release|Any CPU
	EndGlobalSection
	GlobalSection(SolutionProperties) = preSolution
		HideSolutionNode = FALSE
	EndGlobalSection
	GlobalSection(ExtensibilityGlobals) = postSolution
		SolutionGuid = {FDBBF4B0-41E1-4CA5-875F-B4599E7A6A49}
	EndGlobalSection
EndGlobal
